
Microsoft Visual Studio Solution File, Format Version 12.00
# Visual Studio 15
VisualStudioVersion = 15.0.28307.1000
MinimumVisualStudioVersion = 10.0.40219.1
Project("{8BC9CEB8-8B4A-11D0-8D11-00A0C91BC942}") = "SandBox", "SandBox\SandBox.vcxproj", "{BB51A07F-70B5-4764-9BBE-E68B36D5150B}"
EndProject
Project("{8BC9CEB8-8B4A-11D0-8D11-00A0C91BC942}") = "Dark", "Dark\Dark.vcxproj", "{A6402EAA-518D-480C-B2B9-D271DB63F292}"
EndProject
Global
	GlobalSection(SolutionConfigurationPlatforms) = preSolution
		Debug|x64 = Debug|x64
		Debug|x86 = Debug|x86
		Release|x64 = Release|x64
		Release|x86 = Release|x86
	EndGlobalSection
	GlobalSection(ProjectConfigurationPlatforms) = postSolution
		{A6402EAA-518D-480C-B2B9-D271DB63F292}.Debug|x64.ActiveCfg = Debug|x64
		{A6402EAA-518D-480C-B2B9-D271DB63F292}.Debug|x64.Build.0 = Debug|x64
		{A6402EAA-518D-480C-B2B9-D271DB63F292}.Debug|x86.ActiveCfg = Debug|x64
		{A6402EAA-518D-480C-B2B9-D271DB63F292}.Release|x64.ActiveCfg = Release|x64
		{A6402EAA-518D-480C-B2B9-D271DB63F292}.Release|x64.Build.0 = Release|x64
		{A6402EAA-518D-480C-B2B9-D271DB63F292}.Release|x86.ActiveCfg = Release|x64
		{BB51A07F-70B5-4764-9BBE-E68B36D5150B}.Debug|x64.ActiveCfg = Debug|x64
		{BB51A07F-70B5-4764-9BBE-E68B36D5150B}.Debug|x64.Build.0 = Debug|x64
		{BB51A07F-70B5-4764-9BBE-E68B36D5150B}.Debug|x86.ActiveCfg = Debug|Win32
		{BB51A07F-70B5-4764-9BBE-E68B36D5150B}.Debug|x86.Build.0 = Debug|Win32
		{BB51A07F-70B5-4764-9BBE-E68B36D5150B}.Release|x64.ActiveCfg = Release|x64
		{BB51A07F-70B5-4764-9BBE-E68B36D5150B}.Release|x64.Build.0 = Release|x64
		{BB51A07F-70B5-4764-9BBE-E68B36D5150B}.Release|x86.ActiveCfg = Release|Win32
		{BB51A07F-70B5-4764-9BBE-E68B36D5150B}.Release|x86.Build.0 = Release|Win32
	EndGlobalSection
	GlobalSection(SolutionProperties) = preSolution
		HideSolutionNode = FALSE
	EndGlobalSection
	GlobalSection(ExtensibilityGlobals) = postSolution
		SolutionGuid = {566164A6-A7C9-4FD5-8DCB-31F0C8E492DD}
	EndGlobalSection
EndGlobal
